
Microsoft Visual Studio Solution File, Format Version 12.00
# Visual Studio Version 17
VisualStudioVersion = 17.4.33403.182
MinimumVisualStudioVersion = 10.0.40219.1
Project("{FAE04EC0-301F-11D3-BF4B-00C04F79EFBC}") = "Gramophonium.CommandLine", "Src\Gramophonium.CommandLine\Gramophonium.CommandLine.csproj", "{89AC6357-7875-486B-A4AD-A7C0373A8242}"
Project("{9A19103F-16F7-4668-BE54-9A1E7A4F7556}") = "Gramophonium", "Src\Gramophonium\Gramophonium.csproj", "{FD9FCF73-4ED1-428E-A2A4-AFE0EAF25BF1}"
EndProject
EndProject
Global
	GlobalSection(SolutionConfigurationPlatforms) = preSolution
		Debug|Any CPU = Debug|Any CPU
		Release|Any CPU = Release|Any CPU
	EndGlobalSection
	GlobalSection(ProjectConfigurationPlatforms) = postSolution
		{FD9FCF73-4ED1-428E-A2A4-AFE0EAF25BF1}.Debug|Any CPU.ActiveCfg = Debug|Any CPU
		{FD9FCF73-4ED1-428E-A2A4-AFE0EAF25BF1}.Debug|Any CPU.Build.0 = Debug|Any CPU
		{FD9FCF73-4ED1-428E-A2A4-AFE0EAF25BF1}.Release|Any CPU.ActiveCfg = Release|Any CPU
		{FD9FCF73-4ED1-428E-A2A4-AFE0EAF25BF1}.Release|Any CPU.Build.0 = Release|Any CPU
		{89AC6357-7875-486B-A4AD-A7C0373A8242}.Debug|Any CPU.ActiveCfg = Debug|Any CPU
		{89AC6357-7875-486B-A4AD-A7C0373A8242}.Debug|Any CPU.Build.0 = Debug|Any CPU
		{89AC6357-7875-486B-A4AD-A7C0373A8242}.Release|Any CPU.ActiveCfg = Release|Any CPU
		{89AC6357-7875-486B-A4AD-A7C0373A8242}.Release|Any CPU.Build.0 = Release|Any CPU
	EndGlobalSection
	GlobalSection(SolutionProperties) = preSolution
		HideSolutionNode = FALSE
	EndGlobalSection
	GlobalSection(ExtensibilityGlobals) = postSolution
		SolutionGuid = {E0DBA180-01BF-4068-BE8F-A141D7653F41}
	EndGlobalSection
EndGlobal
